// !$*UTF8*$!
{
	archiveVersion = 1;
	classes = {
	};
	objectVersion = 50;
	objects = {

/* Begin PBXBuildFile section */
		9228D58725B158650083B5AB /* ViewController.swift in Sources */ = {isa = PBXBuildFile; fileRef = 9228D58625B158650083B5AB /* ViewController.swift */; };
		9228D58C25B1B4F10083B5AB /* blocks.png in Resources */ = {isa = PBXBuildFile; fileRef = 9228D58B25B1B4F00083B5AB /* blocks.png */; };
		92331DE225AA9B2100D7895C /* AppDelegate.swift in Sources */ = {isa = PBXBuildFile; fileRef = 92331DE125AA9B2100D7895C /* AppDelegate.swift */; };
		92331DE425AA9B2100D7895C /* art.scnassets in Resources */ = {isa = PBXBuildFile; fileRef = 92331DE325AA9B2100D7895C /* art.scnassets */; };
		92331DE625AA9B2100D7895C /* GameViewController.swift in Sources */ = {isa = PBXBuildFile; fileRef = 92331DE525AA9B2100D7895C /* GameViewController.swift */; };
		92331DE925AA9B2100D7895C /* Main.storyboard in Resources */ = {isa = PBXBuildFile; fileRef = 92331DE725AA9B2100D7895C /* Main.storyboard */; };
		92331DEB25AA9B2200D7895C /* Assets.xcassets in Resources */ = {isa = PBXBuildFile; fileRef = 92331DEA25AA9B2200D7895C /* Assets.xcassets */; };
		92331DF625AA9B2200D7895C /* RumisTests.swift in Sources */ = {isa = PBXBuildFile; fileRef = 92331DF525AA9B2200D7895C /* RumisTests.swift */; };
		92331E0125AA9B2200D7895C /* RumisUITests.swift in Sources */ = {isa = PBXBuildFile; fileRef = 92331E0025AA9B2200D7895C /* RumisUITests.swift */; };
		92331E1525AABAEF00D7895C /* Block.swift in Sources */ = {isa = PBXBuildFile; fileRef = 92331E1425AABAEF00D7895C /* Block.swift */; };
		92345A0D25B8243700B857E0 /* GameCenterHelper.swift in Sources */ = {isa = PBXBuildFile; fileRef = 92345A0C25B8243700B857E0 /* GameCenterHelper.swift */; };
		92CC1BCF25ADAAA3008CF4E1 /* Game.swift in Sources */ = {isa = PBXBuildFile; fileRef = 92CC1BCE25ADAAA3008CF4E1 /* Game.swift */; };
/* End PBXBuildFile section */

/* Begin PBXContainerItemProxy section */
		92331DF225AA9B2200D7895C /* PBXContainerItemProxy */ = {
			isa = PBXContainerItemProxy;
			containerPortal = 92331DD625AA9B2100D7895C /* Project object */;
			proxyType = 1;
			remoteGlobalIDString = 92331DDD25AA9B2100D7895C;
			remoteInfo = Rumis;
		};
		92331DFD25AA9B2200D7895C /* PBXContainerItemProxy */ = {
			isa = PBXContainerItemProxy;
			containerPortal = 92331DD625AA9B2100D7895C /* Project object */;
			proxyType = 1;
			remoteGlobalIDString = 92331DDD25AA9B2100D7895C;
			remoteInfo = Rumis;
		};
/* End PBXContainerItemProxy section */

/* Begin PBXFileReference section */
		9228D58625B158650083B5AB /* ViewController.swift */ = {isa = PBXFileReference; lastKnownFileType = sourcecode.swift; path = ViewController.swift; sourceTree = "<group>"; };
		9228D58B25B1B4F00083B5AB /* blocks.png */ = {isa = PBXFileReference; lastKnownFileType = image.png; path = blocks.png; sourceTree = "<group>"; };
		92331DDE25AA9B2100D7895C /* Rumis.app */ = {isa = PBXFileReference; explicitFileType = wrapper.application; includeInIndex = 0; path = Rumis.app; sourceTree = BUILT_PRODUCTS_DIR; };
		92331DE125AA9B2100D7895C /* AppDelegate.swift */ = {isa = PBXFileReference; lastKnownFileType = sourcecode.swift; path = AppDelegate.swift; sourceTree = "<group>"; };
		92331DE325AA9B2100D7895C /* art.scnassets */ = {isa = PBXFileReference; lastKnownFileType = wrapper.scnassets; path = art.scnassets; sourceTree = "<group>"; };
		92331DE525AA9B2100D7895C /* GameViewController.swift */ = {isa = PBXFileReference; lastKnownFileType = sourcecode.swift; path = GameViewController.swift; sourceTree = "<group>"; };
		92331DE825AA9B2100D7895C /* Base */ = {isa = PBXFileReference; lastKnownFileType = file.storyboard; name = Base; path = Base.lproj/Main.storyboard; sourceTree = "<group>"; };
		92331DEA25AA9B2200D7895C /* Assets.xcassets */ = {isa = PBXFileReference; lastKnownFileType = folder.assetcatalog; path = Assets.xcassets; sourceTree = "<group>"; };
		92331DEC25AA9B2200D7895C /* Info.plist */ = {isa = PBXFileReference; lastKnownFileType = text.plist.xml; path = Info.plist; sourceTree = "<group>"; };
		92331DF125AA9B2200D7895C /* RumisTests.xctest */ = {isa = PBXFileReference; explicitFileType = wrapper.cfbundle; includeInIndex = 0; path = RumisTests.xctest; sourceTree = BUILT_PRODUCTS_DIR; };
		92331DF525AA9B2200D7895C /* RumisTests.swift */ = {isa = PBXFileReference; lastKnownFileType = sourcecode.swift; path = RumisTests.swift; sourceTree = "<group>"; };
		92331DF725AA9B2200D7895C /* Info.plist */ = {isa = PBXFileReference; lastKnownFileType = text.plist.xml; path = Info.plist; sourceTree = "<group>"; };
		92331DFC25AA9B2200D7895C /* RumisUITests.xctest */ = {isa = PBXFileReference; explicitFileType = wrapper.cfbundle; includeInIndex = 0; path = RumisUITests.xctest; sourceTree = BUILT_PRODUCTS_DIR; };
		92331E0025AA9B2200D7895C /* RumisUITests.swift */ = {isa = PBXFileReference; lastKnownFileType = sourcecode.swift; path = RumisUITests.swift; sourceTree = "<group>"; };
		92331E0225AA9B2200D7895C /* Info.plist */ = {isa = PBXFileReference; lastKnownFileType = text.plist.xml; path = Info.plist; sourceTree = "<group>"; };
		92331E1425AABAEF00D7895C /* Block.swift */ = {isa = PBXFileReference; lastKnownFileType = sourcecode.swift; path = Block.swift; sourceTree = "<group>"; };
		92345A0C25B8243700B857E0 /* GameCenterHelper.swift */ = {isa = PBXFileReference; lastKnownFileType = sourcecode.swift; path = GameCenterHelper.swift; sourceTree = "<group>"; };
		92CC1BCE25ADAAA3008CF4E1 /* Game.swift */ = {isa = PBXFileReference; lastKnownFileType = sourcecode.swift; path = Game.swift; sourceTree = "<group>"; };
/* End PBXFileReference section */

/* Begin PBXFrameworksBuildPhase section */
		92331DDB25AA9B2100D7895C /* Frameworks */ = {
			isa = PBXFrameworksBuildPhase;
			buildActionMask = 2147483647;
			files = (
			);
			runOnlyForDeploymentPostprocessing = 0;
		};
		92331DEE25AA9B2200D7895C /* Frameworks */ = {
			isa = PBXFrameworksBuildPhase;
			buildActionMask = 2147483647;
			files = (
			);
			runOnlyForDeploymentPostprocessing = 0;
		};
		92331DF925AA9B2200D7895C /* Frameworks */ = {
			isa = PBXFrameworksBuildPhase;
			buildActionMask = 2147483647;
			files = (
			);
			runOnlyForDeploymentPostprocessing = 0;
		};
/* End PBXFrameworksBuildPhase section */

/* Begin PBXGroup section */
		92331DD525AA9B2100D7895C = {
			isa = PBXGroup;
			children = (
				92331DE025AA9B2100D7895C /* Rumis */,
				92331DF425AA9B2200D7895C /* RumisTests */,
				92331DFF25AA9B2200D7895C /* RumisUITests */,
				92331DDF25AA9B2100D7895C /* Products */,
			);
			sourceTree = "<group>";
		};
		92331DDF25AA9B2100D7895C /* Products */ = {
			isa = PBXGroup;
			children = (
				92331DDE25AA9B2100D7895C /* Rumis.app */,
				92331DF125AA9B2200D7895C /* RumisTests.xctest */,
				92331DFC25AA9B2200D7895C /* RumisUITests.xctest */,
			);
			name = Products;
			sourceTree = "<group>";
		};
		92331DE025AA9B2100D7895C /* Rumis */ = {
			isa = PBXGroup;
			children = (
				92331DE125AA9B2100D7895C /* AppDelegate.swift */,
				92345A0C25B8243700B857E0 /* GameCenterHelper.swift */,
				92331DE325AA9B2100D7895C /* art.scnassets */,
				92331DE525AA9B2100D7895C /* GameViewController.swift */,
				9228D58625B158650083B5AB /* ViewController.swift */,
				92331E1425AABAEF00D7895C /* Block.swift */,
				92CC1BCE25ADAAA3008CF4E1 /* Game.swift */,
				92331DE725AA9B2100D7895C /* Main.storyboard */,
				92331DEA25AA9B2200D7895C /* Assets.xcassets */,
				92331DEC25AA9B2200D7895C /* Info.plist */,
				9228D58B25B1B4F00083B5AB /* blocks.png */,
			);
			path = Rumis;
			sourceTree = "<group>";
		};
		92331DF425AA9B2200D7895C /* RumisTests */ = {
			isa = PBXGroup;
			children = (
				92331DF525AA9B2200D7895C /* RumisTests.swift */,
				92331DF725AA9B2200D7895C /* Info.plist */,
			);
			path = RumisTests;
			sourceTree = "<group>";
		};
		92331DFF25AA9B2200D7895C /* RumisUITests */ = {
			isa = PBXGroup;
			children = (
				92331E0025AA9B2200D7895C /* RumisUITests.swift */,
				92331E0225AA9B2200D7895C /* Info.plist */,
			);
			path = RumisUITests;
			sourceTree = "<group>";
		};
/* End PBXGroup section */

/* Begin PBXNativeTarget section */
		92331DDD25AA9B2100D7895C /* Rumis */ = {
			isa = PBXNativeTarget;
			buildConfigurationList = 92331E0525AA9B2200D7895C /* Build configuration list for PBXNativeTarget "Rumis" */;
			buildPhases = (
				92331DDA25AA9B2100D7895C /* Sources */,
				92331DDB25AA9B2100D7895C /* Frameworks */,
				92331DDC25AA9B2100D7895C /* Resources */,
			);
			buildRules = (
			);
			dependencies = (
			);
			name = Rumis;
			productName = Rumis;
			productReference = 92331DDE25AA9B2100D7895C /* Rumis.app */;
			productType = "com.apple.product-type.application";
		};
		92331DF025AA9B2200D7895C /* RumisTests */ = {
			isa = PBXNativeTarget;
			buildConfigurationList = 92331E0825AA9B2200D7895C /* Build configuration list for PBXNativeTarget "RumisTests" */;
			buildPhases = (
				92331DED25AA9B2200D7895C /* Sources */,
				92331DEE25AA9B2200D7895C /* Frameworks */,
				92331DEF25AA9B2200D7895C /* Resources */,
			);
			buildRules = (
			);
			dependencies = (
				92331DF325AA9B2200D7895C /* PBXTargetDependency */,
			);
			name = RumisTests;
			productName = RumisTests;
			productReference = 92331DF125AA9B2200D7895C /* RumisTests.xctest */;
			productType = "com.apple.product-type.bundle.unit-test";
		};
		92331DFB25AA9B2200D7895C /* RumisUITests */ = {
			isa = PBXNativeTarget;
			buildConfigurationList = 92331E0B25AA9B2200D7895C /* Build configuration list for PBXNativeTarget "RumisUITests" */;
			buildPhases = (
				92331DF825AA9B2200D7895C /* Sources */,
				92331DF925AA9B2200D7895C /* Frameworks */,
				92331DFA25AA9B2200D7895C /* Resources */,
			);
			buildRules = (
			);
			dependencies = (
				92331DFE25AA9B2200D7895C /* PBXTargetDependency */,
			);
			name = RumisUITests;
			productName = RumisUITests;
			productReference = 92331DFC25AA9B2200D7895C /* RumisUITests.xctest */;
			productType = "com.apple.product-type.bundle.ui-testing";
		};
/* End PBXNativeTarget section */

/* Begin PBXProject section */
		92331DD625AA9B2100D7895C /* Project object */ = {
			isa = PBXProject;
			attributes = {
				LastSwiftUpdateCheck = 1230;
				LastUpgradeCheck = 1230;
				TargetAttributes = {
					92331DDD25AA9B2100D7895C = {
						CreatedOnToolsVersion = 12.3;
					};
					92331DF025AA9B2200D7895C = {
						CreatedOnToolsVersion = 12.3;
						TestTargetID = 92331DDD25AA9B2100D7895C;
					};
					92331DFB25AA9B2200D7895C = {
						CreatedOnToolsVersion = 12.3;
						TestTargetID = 92331DDD25AA9B2100D7895C;
					};
				};
			};
			buildConfigurationList = 92331DD925AA9B2100D7895C /* Build configuration list for PBXProject "Rumis" */;
			compatibilityVersion = "Xcode 9.3";
			developmentRegion = en;
			hasScannedForEncodings = 0;
			knownRegions = (
				en,
				Base,
			);
			mainGroup = 92331DD525AA9B2100D7895C;
			productRefGroup = 92331DDF25AA9B2100D7895C /* Products */;
			projectDirPath = "";
			projectRoot = "";
			targets = (
				92331DDD25AA9B2100D7895C /* Rumis */,
				92331DF025AA9B2200D7895C /* RumisTests */,
				92331DFB25AA9B2200D7895C /* RumisUITests */,
			);
		};
/* End PBXProject section */

/* Begin PBXResourcesBuildPhase section */
		92331DDC25AA9B2100D7895C /* Resources */ = {
			isa = PBXResourcesBuildPhase;
			buildActionMask = 2147483647;
			files = (
				92331DE425AA9B2100D7895C /* art.scnassets in Resources */,
				92331DEB25AA9B2200D7895C /* Assets.xcassets in Resources */,
				92331DE925AA9B2100D7895C /* Main.storyboard in Resources */,
				9228D58C25B1B4F10083B5AB /* blocks.png in Resources */,
			);
			runOnlyForDeploymentPostprocessing = 0;
		};
		92331DEF25AA9B2200D7895C /* Resources */ = {
			isa = PBXResourcesBuildPhase;
			buildActionMask = 2147483647;
			files = (
			);
			runOnlyForDeploymentPostprocessing = 0;
		};
		92331DFA25AA9B2200D7895C /* Resources */ = {
			isa = PBXResourcesBuildPhase;
			buildActionMask = 2147483647;
			files = (
			);
			runOnlyForDeploymentPostprocessing = 0;
		};
/* End PBXResourcesBuildPhase section */

/* Begin PBXSourcesBuildPhase section */
		92331DDA25AA9B2100D7895C /* Sources */ = {
			isa = PBXSourcesBuildPhase;
			buildActionMask = 2147483647;
			files = (
				92345A0D25B8243700B857E0 /* GameCenterHelper.swift in Sources */,
				9228D58725B158650083B5AB /* ViewController.swift in Sources */,
				92331E1525AABAEF00D7895C /* Block.swift in Sources */,
				92331DE625AA9B2100D7895C /* GameViewController.swift in Sources */,
				92331DE225AA9B2100D7895C /* AppDelegate.swift in Sources */,
				92CC1BCF25ADAAA3008CF4E1 /* Game.swift in Sources */,
			);
			runOnlyForDeploymentPostprocessing = 0;
		};
		92331DED25AA9B2200D7895C /* Sources */ = {
			isa = PBXSourcesBuildPhase;
			buildActionMask = 2147483647;
			files = (
				92331DF625AA9B2200D7895C /* RumisTests.swift in Sources */,
			);
			runOnlyForDeploymentPostprocessing = 0;
		};
		92331DF825AA9B2200D7895C /* Sources */ = {
			isa = PBXSourcesBuildPhase;
			buildActionMask = 2147483647;
			files = (
				92331E0125AA9B2200D7895C /* RumisUITests.swift in Sources */,
			);
			runOnlyForDeploymentPostprocessing = 0;
		};
/* End PBXSourcesBuildPhase section */

/* Begin PBXTargetDependency section */
		92331DF325AA9B2200D7895C /* PBXTargetDependency */ = {
			isa = PBXTargetDependency;
			target = 92331DDD25AA9B2100D7895C /* Rumis */;
			targetProxy = 92331DF225AA9B2200D7895C /* PBXContainerItemProxy */;
		};
		92331DFE25AA9B2200D7895C /* PBXTargetDependency */ = {
			isa = PBXTargetDependency;
			target = 92331DDD25AA9B2100D7895C /* Rumis */;
			targetProxy = 92331DFD25AA9B2200D7895C /* PBXContainerItemProxy */;
		};
/* End PBXTargetDependency section */

/* Begin PBXVariantGroup section */
		92331DE725AA9B2100D7895C /* Main.storyboard */ = {
			isa = PBXVariantGroup;
			children = (
				92331DE825AA9B2100D7895C /* Base */,
			);
			name = Main.storyboard;
			sourceTree = "<group>";
		};
/* End PBXVariantGroup section */

/* Begin XCBuildConfiguration section */
		92331E0325AA9B2200D7895C /* Debug */ = {
			isa = XCBuildConfiguration;
			buildSettings = {
				ALWAYS_SEARCH_USER_PATHS = NO;
				CLANG_ANALYZER_NONNULL = YES;
				CLANG_ANALYZER_NUMBER_OBJECT_CONVERSION = YES_AGGRESSIVE;
				CLANG_CXX_LANGUAGE_STANDARD = "gnu++14";
				CLANG_CXX_LIBRARY = "libc++";
				CLANG_ENABLE_MODULES = YES;
				CLANG_ENABLE_OBJC_ARC = YES;
				CLANG_ENABLE_OBJC_WEAK = YES;
				CLANG_WARN_BLOCK_CAPTURE_AUTORELEASING = YES;
				CLANG_WARN_BOOL_CONVERSION = YES;
				CLANG_WARN_COMMA = YES;
				CLANG_WARN_CONSTANT_CONVERSION = YES;
				CLANG_WARN_DEPRECATED_OBJC_IMPLEMENTATIONS = YES;
				CLANG_WARN_DIRECT_OBJC_ISA_USAGE = YES_ERROR;
				CLANG_WARN_DOCUMENTATION_COMMENTS = YES;
				CLANG_WARN_EMPTY_BODY = YES;
				CLANG_WARN_ENUM_CONVERSION = YES;
				CLANG_WARN_INFINITE_RECURSION = YES;
				CLANG_WARN_INT_CONVERSION = YES;
				CLANG_WARN_NON_LITERAL_NULL_CONVERSION = YES;
				CLANG_WARN_OBJC_IMPLICIT_RETAIN_SELF = YES;
				CLANG_WARN_OBJC_LITERAL_CONVERSION = YES;
				CLANG_WARN_OBJC_ROOT_CLASS = YES_ERROR;
				CLANG_WARN_QUOTED_INCLUDE_IN_FRAMEWORK_HEADER = YES;
				CLANG_WARN_RANGE_LOOP_ANALYSIS = YES;
				CLANG_WARN_STRICT_PROTOTYPES = YES;
				CLANG_WARN_SUSPICIOUS_MOVE = YES;
				CLANG_WARN_UNGUARDED_AVAILABILITY = YES_AGGRESSIVE;
				CLANG_WARN_UNREACHABLE_CODE = YES;
				CLANG_WARN__DUPLICATE_METHOD_MATCH = YES;
				COPY_PHASE_STRIP = NO;
				DEBUG_INFORMATION_FORMAT = dwarf;
				ENABLE_STRICT_OBJC_MSGSEND = YES;
				ENABLE_TESTABILITY = YES;
				GCC_C_LANGUAGE_STANDARD = gnu11;
				GCC_DYNAMIC_NO_PIC = NO;
				GCC_NO_COMMON_BLOCKS = YES;
				GCC_OPTIMIZATION_LEVEL = 0;
				GCC_PREPROCESSOR_DEFINITIONS = (
					"DEBUG=1",
					"$(inherited)",
				);
				GCC_WARN_64_TO_32_BIT_CONVERSION = YES;
				GCC_WARN_ABOUT_RETURN_TYPE = YES_ERROR;
				GCC_WARN_UNDECLARED_SELECTOR = YES;
				GCC_WARN_UNINITIALIZED_AUTOS = YES_AGGRESSIVE;
				GCC_WARN_UNUSED_FUNCTION = YES;
				GCC_WARN_UNUSED_VARIABLE = YES;
				IPHONEOS_DEPLOYMENT_TARGET = 14.3;
				MTL_ENABLE_DEBUG_INFO = INCLUDE_SOURCE;
				MTL_FAST_MATH = YES;
				ONLY_ACTIVE_ARCH = YES;
				SDKROOT = iphoneos;
				SWIFT_ACTIVE_COMPILATION_CONDITIONS = DEBUG;
				SWIFT_OPTIMIZATION_LEVEL = "-Onone";
			};
			name = Debug;
		};
		92331E0425AA9B2200D7895C /* Release */ = {
			isa = XCBuildConfiguration;
			buildSettings = {
				ALWAYS_SEARCH_USER_PATHS = NO;
				CLANG_ANALYZER_NONNULL = YES;
				CLANG_ANALYZER_NUMBER_OBJECT_CONVERSION = YES_AGGRESSIVE;
				CLANG_CXX_LANGUAGE_STANDARD = "gnu++14";
				CLANG_CXX_LIBRARY = "libc++";
				CLANG_ENABLE_MODULES = YES;
				CLANG_ENABLE_OBJC_ARC = YES;
				CLANG_ENABLE_OBJC_WEAK = YES;
				CLANG_WARN_BLOCK_CAPTURE_AUTORELEASING = YES;
				CLANG_WARN_BOOL_CONVERSION = YES;
				CLANG_WARN_COMMA = YES;
				CLANG_WARN_CONSTANT_CONVERSION = YES;
				CLANG_WARN_DEPRECATED_OBJC_IMPLEMENTATIONS = YES;
				CLANG_WARN_DIRECT_OBJC_ISA_USAGE = YES_ERROR;
				CLANG_WARN_DOCUMENTATION_COMMENTS = YES;
				CLANG_WARN_EMPTY_BODY = YES;
				CLANG_WARN_ENUM_CONVERSION = YES;
				CLANG_WARN_INFINITE_RECURSION = YES;
				CLANG_WARN_INT_CONVERSION = YES;
				CLANG_WARN_NON_LITERAL_NULL_CONVERSION = YES;
				CLANG_WARN_OBJC_IMPLICIT_RETAIN_SELF = YES;
				CLANG_WARN_OBJC_LITERAL_CONVERSION = YES;
				CLANG_WARN_OBJC_ROOT_CLASS = YES_ERROR;
				CLANG_WARN_QUOTED_INCLUDE_IN_FRAMEWORK_HEADER = YES;
				CLANG_WARN_RANGE_LOOP_ANALYSIS = YES;
				CLANG_WARN_STRICT_PROTOTYPES = YES;
				CLANG_WARN_SUSPICIOUS_MOVE = YES;
				CLANG_WARN_UNGUARDED_AVAILABILITY = YES_AGGRESSIVE;
				CLANG_WARN_UNREACHABLE_CODE = YES;
				CLANG_WARN__DUPLICATE_METHOD_MATCH = YES;
				COPY_PHASE_STRIP = NO;
				DEBUG_INFORMATION_FORMAT = "dwarf-with-dsym";
				ENABLE_NS_ASSERTIONS = NO;
				ENABLE_STRICT_OBJC_MSGSEND = YES;
				GCC_C_LANGUAGE_STANDARD = gnu11;
				GCC_NO_COMMON_BLOCKS = YES;
				GCC_WARN_64_TO_32_BIT_CONVERSION = YES;
				GCC_WARN_ABOUT_RETURN_TYPE = YES_ERROR;
				GCC_WARN_UNDECLARED_SELECTOR = YES;
				GCC_WARN_UNINITIALIZED_AUTOS = YES_AGGRESSIVE;
				GCC_WARN_UNUSED_FUNCTION = YES;
				GCC_WARN_UNUSED_VARIABLE = YES;
				IPHONEOS_DEPLOYMENT_TARGET = 14.3;
				MTL_ENABLE_DEBUG_INFO = NO;
				MTL_FAST_MATH = YES;
				SDKROOT = iphoneos;
				SWIFT_COMPILATION_MODE = wholemodule;
				SWIFT_OPTIMIZATION_LEVEL = "-O";
				VALIDATE_PRODUCT = YES;
			};
			name = Release;
		};
		92331E0625AA9B2200D7895C /* Debug */ = {
			isa = XCBuildConfiguration;
			buildSettings = {
				ASSETCATALOG_COMPILER_APPICON_NAME = AppIcon;
				ASSETCATALOG_COMPILER_GLOBAL_ACCENT_COLOR_NAME = AccentColor;
				CODE_SIGN_STYLE = Automatic;
				DEVELOPMENT_TEAM = 8T6QM95WF9;
				INFOPLIST_FILE = Rumis/Info.plist;
				LD_RUNPATH_SEARCH_PATHS = (
					"$(inherited)",
					"@executable_path/Frameworks",
				);
				PRODUCT_BUNDLE_IDENTIFIER = laforce.Rumis;
				PRODUCT_NAME = "$(TARGET_NAME)";
				SWIFT_VERSION = 5.0;
				TARGETED_DEVICE_FAMILY = "1,2";
			};
			name = Debug;
		};
		92331E0725AA9B2200D7895C /* Release */ = {
			isa = XCBuildConfiguration;
			buildSettings = {
				ASSETCATALOG_COMPILER_APPICON_NAME = AppIcon;
				ASSETCATALOG_COMPILER_GLOBAL_ACCENT_COLOR_NAME = AccentColor;
				CODE_SIGN_STYLE = Automatic;
				DEVELOPMENT_TEAM = 8T6QM95WF9;
				INFOPLIST_FILE = Rumis/Info.plist;
				LD_RUNPATH_SEARCH_PATHS = (
					"$(inherited)",
					"@executable_path/Frameworks",
				);
				PRODUCT_BUNDLE_IDENTIFIER = laforce.Rumis;
				PRODUCT_NAME = "$(TARGET_NAME)";
				SWIFT_VERSION = 5.0;
				TARGETED_DEVICE_FAMILY = "1,2";
			};
			name = Release;
		};
		92331E0925AA9B2200D7895C /* Debug */ = {
			isa = XCBuildConfiguration;
			buildSettings = {
				ALWAYS_EMBED_SWIFT_STANDARD_LIBRARIES = YES;
				BUNDLE_LOADER = "$(TEST_HOST)";
				CODE_SIGN_STYLE = Automatic;
				DEVELOPMENT_TEAM = 8T6QM95WF9;
				INFOPLIST_FILE = RumisTests/Info.plist;
				IPHONEOS_DEPLOYMENT_TARGET = 14.3;
				LD_RUNPATH_SEARCH_PATHS = (
					"$(inherited)",
					"@executable_path/Frameworks",
					"@loader_path/Frameworks",
				);
				PRODUCT_BUNDLE_IDENTIFIER = laforce.RumisTests;
				PRODUCT_NAME = "$(TARGET_NAME)";
				SWIFT_VERSION = 5.0;
				TARGETED_DEVICE_FAMILY = "1,2";
				TEST_HOST = "$(BUILT_PRODUCTS_DIR)/Rumis.app/Rumis";
			};
			name = Debug;
		};
		92331E0A25AA9B2200D7895C /* Release */ = {
			isa = XCBuildConfiguration;
			buildSettings = {
				ALWAYS_EMBED_SWIFT_STANDARD_LIBRARIES = YES;
				BUNDLE_LOADER = "$(TEST_HOST)";
				CODE_SIGN_STYLE = Automatic;
				DEVELOPMENT_TEAM = 8T6QM95WF9;
				INFOPLIST_FILE = RumisTests/Info.plist;
				IPHONEOS_DEPLOYMENT_TARGET = 14.3;
				LD_RUNPATH_SEARCH_PATHS = (
					"$(inherited)",
					"@executable_path/Frameworks",
					"@loader_path/Frameworks",
				);
				PRODUCT_BUNDLE_IDENTIFIER = laforce.RumisTests;
				PRODUCT_NAME = "$(TARGET_NAME)";
				SWIFT_VERSION = 5.0;
				TARGETED_DEVICE_FAMILY = "1,2";
				TEST_HOST = "$(BUILT_PRODUCTS_DIR)/Rumis.app/Rumis";
			};
			name = Release;
		};
		92331E0C25AA9B2200D7895C /* Debug */ = {
			isa = XCBuildConfiguration;
			buildSettings = {
				ALWAYS_EMBED_SWIFT_STANDARD_LIBRARIES = YES;
				CODE_SIGN_STYLE = Automatic;
				DEVELOPMENT_TEAM = 8T6QM95WF9;
				INFOPLIST_FILE = RumisUITests/Info.plist;
				LD_RUNPATH_SEARCH_PATHS = (
					"$(inherited)",
					"@executable_path/Frameworks",
					"@loader_path/Frameworks",
				);
				PRODUCT_BUNDLE_IDENTIFIER = laforce.RumisUITests;
				PRODUCT_NAME = "$(TARGET_NAME)";
				SWIFT_VERSION = 5.0;
				TARGETED_DEVICE_FAMILY = "1,2";
				TEST_TARGET_NAME = Rumis;
			};
			name = Debug;
		};
		92331E0D25AA9B2200D7895C /* Release */ = {
			isa = XCBuildConfiguration;
			buildSettings = {
				ALWAYS_EMBED_SWIFT_STANDARD_LIBRARIES = YES;
				CODE_SIGN_STYLE = Automatic;
				DEVELOPMENT_TEAM = 8T6QM95WF9;
				INFOPLIST_FILE = RumisUITests/Info.plist;
				LD_RUNPATH_SEARCH_PATHS = (
					"$(inherited)",
					"@executable_path/Frameworks",
					"@loader_path/Frameworks",
				);
				PRODUCT_BUNDLE_IDENTIFIER = laforce.RumisUITests;
				PRODUCT_NAME = "$(TARGET_NAME)";
				SWIFT_VERSION = 5.0;
				TARGETED_DEVICE_FAMILY = "1,2";
				TEST_TARGET_NAME = Rumis;
			};
			name = Release;
		};
/* End XCBuildConfiguration section */

/* Begin XCConfigurationList section */
		92331DD925AA9B2100D7895C /* Build configuration list for PBXProject "Rumis" */ = {
			isa = XCConfigurationList;
			buildConfigurations = (
				92331E0325AA9B2200D7895C /* Debug */,
				92331E0425AA9B2200D7895C /* Release */,
			);
			defaultConfigurationIsVisible = 0;
			defaultConfigurationName = Release;
		};
		92331E0525AA9B2200D7895C /* Build configuration list for PBXNativeTarget "Rumis" */ = {
			isa = XCConfigurationList;
			buildConfigurations = (
				92331E0625AA9B2200D7895C /* Debug */,
				92331E0725AA9B2200D7895C /* Release */,
			);
			defaultConfigurationIsVisible = 0;
			defaultConfigurationName = Release;
		};
		92331E0825AA9B2200D7895C /* Build configuration list for PBXNativeTarget "RumisTests" */ = {
			isa = XCConfigurationList;
			buildConfigurations = (
				92331E0925AA9B2200D7895C /* Debug */,
				92331E0A25AA9B2200D7895C /* Release */,
			);
			defaultConfigurationIsVisible = 0;
			defaultConfigurationName = Release;
		};
		92331E0B25AA9B2200D7895C /* Build configuration list for PBXNativeTarget "RumisUITests" */ = {
			isa = XCConfigurationList;
			buildConfigurations = (
				92331E0C25AA9B2200D7895C /* Debug */,
				92331E0D25AA9B2200D7895C /* Release */,
			);
			defaultConfigurationIsVisible = 0;
			defaultConfigurationName = Release;
		};
/* End XCConfigurationList section */
	};
	rootObject = 92331DD625AA9B2100D7895C /* Project object */;
}
